dependencies:
- name: rabbitmq
  repository: https://charts.bitnami.com/bitnami
  version: 7.5.7
- name: kafka
  repository: https://charts.bitnami.com/bitnami
  version: 11.6.2
- name: postgresql
  repository: https://charts.bitnami.com/bitnami
  version: 9.4.0
- name: victoria-metrics-single
  repository: https://victoriametrics.github.io/helm-charts/
  version: 0.6.6
digest: sha256:68b0c1192843ce5f2ee4e250e63147dc6fe95f6d166374036f4f90909d2c3fb6
generated: "2020-12-08T17:02:57.107785065+01:00"
