dependencies:
- name: rabbitmq
  repository: https://charts.bitnami.com/bitnami
  version: 7.5.7
- name: kafka
  repository: https://charts.bitnami.com/bitnami
  version: 11.6.2
- name: postgresql
  repository: https://charts.bitnami.com/bitnami
  version: 9.4.0
digest: sha256:1ac8f893e413758a6f6d6591a133cfe2ae1f2401a83c128b61a8bbc51b600b62
generated: "2020-09-04T16:04:53.008265522+02:00"
