dependencies:
- name: rabbitmq
  repository: https://charts.bitnami.com/bitnami
  version: 8.6.0
- name: kafka
  repository: https://charts.bitnami.com/bitnami
  version: 12.19.2
- name: postgresql
  repository: https://charts.bitnami.com/bitnami
  version: 10.2.0
- name: victoria-metrics-single
  repository: https://victoriametrics.github.io/helm-charts/
  version: 0.6.6
- name: elasticsearch
  repository: https://helm.elastic.co/
  version: 7.14.0
digest: sha256:db1d5413debb08e36f644f888dfd78ce25e19eb95109b0fb0220c549d0d397c8
generated: "2021-08-24T14:39:42.221761087+02:00"
