dependencies:
- name: rabbitmq
  repository: https://charts.bitnami.com/bitnami
  version: 8.6.0
- name: kafka
  repository: https://charts.bitnami.com/bitnami
  version: 12.19.2
- name: postgresql
  repository: https://charts.bitnami.com/bitnami
  version: 10.2.0
- name: victoria-metrics-single
  repository: https://victoriametrics.github.io/helm-charts/
  version: 0.6.6
- name: elasticsearch
  repository: https://charts.bitnami.com/bitnami
  version: 15.10.4
digest: sha256:10d7d93a250851fd9f8ecc7a02d7d7ebca8c80ea181e9ae519473b290388ee8a
generated: "2021-08-26T12:42:26.276010691+02:00"
