version: 2.0
shards:
  amq-protocol:
    git: https://github.com/cloudamqp/amq-protocol.cr.git
    version: 0.3.14

  amqp-client:
    git: https://github.com/cloudamqp/amqp-client.cr.git
    version: 0.5.20

  grpc:
    git: https://github.com/jgaskins/grpc.git
    version: 0.1.4

  progress:
    git: https://github.com/askn/progress.git
    version: 0.2.0

  protobuf:
    git: https://github.com/jeromegn/protobuf.cr.git
    version: 2.2.1+git.commit.0bee69cfbd6656cbe310822162baef5f593e681a

